Microsoft Visual Studio Solution File, Format Version 12.00
# Visual Studio Version 17
VisualStudioVersion = 17.5.2.0
MinimumVisualStudioVersion = 10.0.40219.1
Project("{FAE04EC0-301F-11D3-BF4B-00C04F79EFBC}") = "TicketmasterMCP", "TicketmasterMCP.csproj", "{0E20A92A-F35C-9D16-741B-C0A4666F8A24}"
EndProject
Global
	GlobalSection(SolutionConfigurationPlatforms) = preSolution
		Debug|Any CPU = Debug|Any CPU
		Release|Any CPU = Release|Any CPU
	EndGlobalSection
	GlobalSection(ProjectConfigurationPlatforms) = postSolution
		{0E20A92A-F35C-9D16-741B-C0A4666F8A24}.Debug|Any CPU.ActiveCfg = Debug|Any CPU
		{0E20A92A-F35C-9D16-741B-C0A4666F8A24}.Debug|Any CPU.Build.0 = Debug|Any CPU
		{0E20A92A-F35C-9D16-741B-C0A4666F8A24}.Release|Any CPU.ActiveCfg = Release|Any CPU
		{0E20A92A-F35C-9D16-741B-C0A4666F8A24}.Release|Any CPU.Build.0 = Release|Any CPU
	EndGlobalSection
	GlobalSection(SolutionProperties) = preSolution
		HideSolutionNode = FALSE
	EndGlobalSection
	GlobalSection(ExtensibilityGlobals) = postSolution
		SolutionGuid = {410604C4-A164-4306-BDB6-09A226CCD1FA}
	EndGlobalSection
EndGlobal
